
Microsoft Visual Studio Solution File, Format Version 12.00
# Visual Studio Version 16
VisualStudioVersion = 16.0.31025.194
MinimumVisualStudioVersion = 10.0.40219.1
Project("{8BC9CEB8-8B4A-11D0-8D11-00A0C91BC942}") = "20210323(GamePrograming)", "20210323(GamePrograming)\20210323(GamePrograming).vcxproj", "{0983921A-529E-40DA-84F1-4017BCFC0BAA}"
EndProject
Project("{8BC9CEB8-8B4A-11D0-8D11-00A0C91BC942}") = "20210323(GamePrograming)(2)", "20210323(GamePrograming)(2)\20210323(GamePrograming)(2).vcxproj", "{0164E635-04F8-4D88-9387-A973505194AA}"
EndProject
Project("{8BC9CEB8-8B4A-11D0-8D11-00A0C91BC942}") = "20210323(GamePrograming)(3)", "20210323(GamePrograming)(3)\20210323(GamePrograming)(3).vcxproj", "{7FCEA4E4-9243-4843-BD73-E6AEB5810D65}"
EndProject
Project("{8BC9CEB8-8B4A-11D0-8D11-00A0C91BC942}") = "20210323(GamePrograming)(4)", "20210323(GamePrograming)(4)\20210323(GamePrograming)(4).vcxproj", "{B149FBF3-9B2D-4644-B5C3-BB9797721F4A}"
EndProject
Global
	GlobalSection(SolutionConfigurationPlatforms) = preSolution
		Debug|x64 = Debug|x64
		Debug|x86 = Debug|x86
		Release|x64 = Release|x64
		Release|x86 = Release|x86
	EndGlobalSection
	GlobalSection(ProjectConfigurationPlatforms) = postSolution
		{0983921A-529E-40DA-84F1-4017BCFC0BAA}.Debug|x64.ActiveCfg = Debug|x64
		{0983921A-529E-40DA-84F1-4017BCFC0BAA}.Debug|x64.Build.0 = Debug|x64
		{0983921A-529E-40DA-84F1-4017BCFC0BAA}.Debug|x86.ActiveCfg = Debug|Win32
		{0983921A-529E-40DA-84F1-4017BCFC0BAA}.Debug|x86.Build.0 = Debug|Win32
		{0983921A-529E-40DA-84F1-4017BCFC0BAA}.Release|x64.ActiveCfg = Release|x64
		{0983921A-529E-40DA-84F1-4017BCFC0BAA}.Release|x64.Build.0 = Release|x64
		{0983921A-529E-40DA-84F1-4017BCFC0BAA}.Release|x86.ActiveCfg = Release|Win32
		{0983921A-529E-40DA-84F1-4017BCFC0BAA}.Release|x86.Build.0 = Release|Win32
		{0164E635-04F8-4D88-9387-A973505194AA}.Debug|x64.ActiveCfg = Debug|x64
		{0164E635-04F8-4D88-9387-A973505194AA}.Debug|x64.Build.0 = Debug|x64
		{0164E635-04F8-4D88-9387-A973505194AA}.Debug|x86.ActiveCfg = Debug|Win32
		{0164E635-04F8-4D88-9387-A973505194AA}.Debug|x86.Build.0 = Debug|Win32
		{0164E635-04F8-4D88-9387-A973505194AA}.Release|x64.ActiveCfg = Release|x64
		{0164E635-04F8-4D88-9387-A973505194AA}.Release|x64.Build.0 = Release|x64
		{0164E635-04F8-4D88-9387-A973505194AA}.Release|x86.ActiveCfg = Release|Win32
		{0164E635-04F8-4D88-9387-A973505194AA}.Release|x86.Build.0 = Release|Win32
		{7FCEA4E4-9243-4843-BD73-E6AEB5810D65}.Debug|x64.ActiveCfg = Debug|x64
		{7FCEA4E4-9243-4843-BD73-E6AEB5810D65}.Debug|x64.Build.0 = Debug|x64
		{7FCEA4E4-9243-4843-BD73-E6AEB5810D65}.Debug|x86.ActiveCfg = Debug|Win32
		{7FCEA4E4-9243-4843-BD73-E6AEB5810D65}.Debug|x86.Build.0 = Debug|Win32
		{7FCEA4E4-9243-4843-BD73-E6AEB5810D65}.Release|x64.ActiveCfg = Release|x64
		{7FCEA4E4-9243-4843-BD73-E6AEB5810D65}.Release|x64.Build.0 = Release|x64
		{7FCEA4E4-9243-4843-BD73-E6AEB5810D65}.Release|x86.ActiveCfg = Release|Win32
		{7FCEA4E4-9243-4843-BD73-E6AEB5810D65}.Release|x86.Build.0 = Release|Win32
		{B149FBF3-9B2D-4644-B5C3-BB9797721F4A}.Debug|x64.ActiveCfg = Debug|x64
		{B149FBF3-9B2D-4644-B5C3-BB9797721F4A}.Debug|x64.Build.0 = Debug|x64
		{B149FBF3-9B2D-4644-B5C3-BB9797721F4A}.Debug|x86.ActiveCfg = Debug|Win32
		{B149FBF3-9B2D-4644-B5C3-BB9797721F4A}.Debug|x86.Build.0 = Debug|Win32
		{B149FBF3-9B2D-4644-B5C3-BB9797721F4A}.Release|x64.ActiveCfg = Release|x64
		{B149FBF3-9B2D-4644-B5C3-BB9797721F4A}.Release|x64.Build.0 = Release|x64
		{B149FBF3-9B2D-4644-B5C3-BB9797721F4A}.Release|x86.ActiveCfg = Release|Win32
		{B149FBF3-9B2D-4644-B5C3-BB9797721F4A}.Release|x86.Build.0 = Release|Win32
	EndGlobalSection
	GlobalSection(SolutionProperties) = preSolution
		HideSolutionNode = FALSE
	EndGlobalSection
	GlobalSection(ExtensibilityGlobals) = postSolution
		SolutionGuid = {98A57635-34BF-44FE-9056-80A3EBF6D291}
	EndGlobalSection
EndGlobal
